hash: 352daf3640af334921e1e295d0738306592c7c4609878e4653936e2e6c7cc749
updated: 2017-02-22T05:27:53.50635214-05:00
imports:
- name: pkg.re/essentialkaos/ek.v6
  version: c292a0da0a81e93c1161a291370c87369db8fc2c
  subpackages:
  - arg
  - env
  - errutil
  - fmtc
  - fsutil
  - knf
  - log
  - path
  - pluralize
  - system
  - timeutil
  - usage
- name: pkg.re/essentialkaos/go-simpleyaml.v1
  version: 49b94a0b61131c037bc599d4c69de265c7cc1c4e
- name: pkg.re/yaml.v2
  version: a3f3340b5840cee44f372bddb5880fcbc419b46a
testImports:
- name: pkg.re/check.v1
  version: 20d25e2804050c1cd24a7eea1e7a6447dd0e74ec
