hash: 550842432f54d716dce1563e1f350df3c9e95dbbc940dee29d7b3f3bdbee05b2
updated: 2016-12-28T16:30:15.622859378-05:00
imports:
- name: github.com/smallfish/simpleyaml
  version: f8280fef35a3fd1d4cf13c5a9fa638398eebb6ad
- name: gopkg.in/yaml.v2
  version: a5b47d31c556af34a302ce5d659e6fea44d90de0
- name: pkg.re/essentialkaos/ek.v6
  version: c292a0da0a81e93c1161a291370c87369db8fc2c
  subpackages:
  - arg
  - env
  - errutil
  - fmtc
  - fsutil
  - knf
  - log
  - path
  - pluralize
  - system
  - timeutil
  - usage
testImports:
- name: pkg.re/check.v1
  version: 20d25e2804050c1cd24a7eea1e7a6447dd0e74ec
