github.com/creack/pty v1.1.9/go.mod h1:oKZEueFk5CKHvIhNR5MUki03XCEU+Q6VDXinZuGJ33E=
github.com/essentialkaos/check v1.4.1 h1:SuxXzrbokPGTPWxGRnzy0hXvtb44mtVrdNxgPa1s4c8=
github.com/essentialkaos/check v1.4.1/go.mod h1:xQOYwFvnxfVZyt5Qvjoa1SxcRqu5VyP77pgALr3iu+M=
github.com/essentialkaos/depsy v1.3.1 h1:00k9QcMsdPM4IzDaEFHsTHBD/zoM0oxtB5+dMUwbQa8=
github.com/essentialkaos/depsy v1.3.1/go.mod h1:B5+7Jhv2a2RacOAxIKU2OeJp9QfZjwIpEEPI5X7auWM=
github.com/essentialkaos/ek/v13 v13.33.1 h1:uc8ndf0lSsdPwFuT0yMInw0YYugYxYf7myKtoo4YYpU=
github.com/essentialkaos/ek/v13 v13.33.1/go.mod h1:KogEVxdBc5aBszAZy4owyItl4kYsy/8orp8xfw/lE1Y=
github.com/essentialkaos/go-simpleyaml/v2 v2.2.0 h1:MtTJMjRYeba3AoSald0oVF6/aiShTHHwlLl7pfs29pQ=
github.com/essentialkaos/go-simpleyaml/v2 v2.2.0/go.mod h1:DggbDjR+uPz/En63o6HvoycYRZw+mSywrXc5ySvk8MU=
github.com/essentialkaos/yaml/v2 v2.4.1 h1:smhmufQ6t+QYu1k3/rUPQ35qf3ymWoRUaQEOiBuTrIg=
github.com/essentialkaos/yaml/v2 v2.4.1/go.mod h1:LgnGU0KlVWLyTExdsrWpdJEldaRpYN+r/Pcqh8NWSz8=
github.com/kr/pretty v0.3.1 h1:flRD4NNwYAUpkphVc1HcthR4KEIFJ65n8Mw5qdRn3LE=
github.com/kr/pretty v0.3.1/go.mod h1:hoEshYVHaxMs3cyo3Yncou5ZscifuDolrwPKZanG3xk=
github.com/kr/text v0.2.0 h1:5Nx0Ya0ZqY2ygV366QzturHI13Jq95ApcVaJBhpS+AY=
github.com/kr/text v0.2.0/go.mod h1:eLer722TekiGuMkidMxC/pM04lWEeraHUUmBw8l2grE=
github.com/pkg/diff v0.0.0-20210226163009-20ebb0f2a09e/go.mod h1:pJLUxLENpZxwdsKMEsNbx1VGcRFpLqf3715MtcvvzbA=
github.com/rogpeppe/go-internal v1.9.0/go.mod h1:WtVeX8xhTBvf0smdhujwtBcq4Qrzq/fJaraNFVN+nFs=
github.com/rogpeppe/go-internal v1.14.1 h1:UQB4HGPB6osV0SQTLymcB4TgvyWu6ZyliaW0tI/otEQ=
github.com/rogpeppe/go-internal v1.14.1/go.mod h1:MaRKkUm5W0goXpeCfT7UZI6fk/L7L7so1lCWt35ZSgc=
golang.org/x/sys v0.36.0 h1:KVRy2GtZBrk1cBYA7MKu5bEZFxQk4NIDV6RLVcC8o0k=
golang.org/x/sys v0.36.0/go.mod h1:OgkHotnGiDImocRcuBABYBEXf8A9a87e/uXjp9XT3ks=
