github.com/creack/pty v1.1.9/go.mod h1:oKZEueFk5CKHvIhNR5MUki03XCEU+Q6VDXinZuGJ33E=
github.com/essentialkaos/check v1.4.0 h1:kWdFxu9odCxUqo1NNFNJmguGrDHgwi3A8daXX1nkuKk=
github.com/essentialkaos/check v1.4.0/go.mod h1:LMKPZ2H+9PXe7Y2gEoKyVAwUqXVgx7KtgibfsHJPus0=
github.com/essentialkaos/depsy v1.0.0 h1:FikBtTnNhk+xFO/hFr+CfiKs6QnA3wMD6tGL0XTEUkc=
github.com/essentialkaos/depsy v1.0.0/go.mod h1:XVsB2eVUonEzmLKQP3ig2P6v2+WcHVgJ10zm0JLqFMM=
github.com/essentialkaos/ek/v12 v12.62.0 h1:A+pnMGbSz2apjEjlHU3EQ6Uqam85GTryVPhzcLfY8o4=
github.com/essentialkaos/ek/v12 v12.62.0/go.mod h1:9MlSuHpewu7OZ9tM9dLFHvoA8dflBIUPCA0Ctt97wRs=
github.com/essentialkaos/go-simpleyaml/v2 v2.1.4 h1:B2bXdGWaQ6Xy3HTsO2DLBoNV7cbMW3KDmeeOKYLo9z0=
github.com/essentialkaos/go-simpleyaml/v2 v2.1.4/go.mod h1:pVQTleUBC8xBI9+HnTF38xWBZqANNrmMAzwmUemblJg=
github.com/kr/pretty v0.3.1 h1:flRD4NNwYAUpkphVc1HcthR4KEIFJ65n8Mw5qdRn3LE=
github.com/kr/pretty v0.3.1/go.mod h1:hoEshYVHaxMs3cyo3Yncou5ZscifuDolrwPKZanG3xk=
github.com/kr/text v0.2.0 h1:5Nx0Ya0ZqY2ygV366QzturHI13Jq95ApcVaJBhpS+AY=
github.com/kr/text v0.2.0/go.mod h1:eLer722TekiGuMkidMxC/pM04lWEeraHUUmBw8l2grE=
github.com/pkg/diff v0.0.0-20210226163009-20ebb0f2a09e/go.mod h1:pJLUxLENpZxwdsKMEsNbx1VGcRFpLqf3715MtcvvzbA=
github.com/rogpeppe/go-internal v1.9.0 h1:73kH8U+JUqXU8lRuOHeVHaa/SZPifC7BkcraZVejAe8=
github.com/rogpeppe/go-internal v1.9.0/go.mod h1:WtVeX8xhTBvf0smdhujwtBcq4Qrzq/fJaraNFVN+nFs=
golang.org/x/sys v0.6.0 h1:MVltZSvRTcU2ljQOhs94SXPftV6DCNnZViHeQps87pQ=
golang.org/x/sys v0.6.0/go.mod h1:oPkhp1MJrh7nUepCBck5+mAzfO9JrbApNNgaTdGDITg=
gopkg.in/check.v1 v0.0.0-20161208181325-20d25e280405 h1:yhCVgyC4o1eVCa2tZl7eS0r+SDo693bJlVdllGtEeKM=
gopkg.in/check.v1 v0.0.0-20161208181325-20d25e280405/go.mod h1:Co6ibVJAznAaIkqp8huTwlJQCZ016jof/cbN4VW5Yz0=
gopkg.in/yaml.v2 v2.4.0 h1:D8xgwECY7CYvx+Y2n4sBz93Jn9JRvxdiyyo8CTfuKaY=
gopkg.in/yaml.v2 v2.4.0/go.mod h1:RDklbk79AGWmwhnvt/jBztapEOGDOx6ZbXqjP6csGnQ=
